{
  "name": "sizemodifier",
  "version": "1.0.0",
  "lockfileVersion": 3,
  "requires": true,
  "packages": {
    "": {
      "name": "sizemodifier",
      "version": "1.0.0",
      "license": "MIT",
      "dependencies": {
        "customdrag": "github:Mihnea240/customdrag#dist"
      }
    },
    "node_modules/customdrag": {
      "version": "1.0.0",
      "resolved": "git+ssh://git@github.com/Mihnea240/customdrag.git#dee3e26600a4993fcd529011946c39579085b99a",
      "license": "MIT"
    }
  }
}
